
Microsoft Visual Studio Solution File, Format Version 12.00
# Visual Studio Version 17
VisualStudioVersion = 17.11.35312.102
MinimumVisualStudioVersion = 10.0.40219.1
Project("{8BC9CEB8-8B4A-11D0-8D11-00A0C91BC942}") = "RedDogGameEngine", "RedDogGameEngine.vcxproj", "{1B896C4E-9737-4F2E-B054-7F3BA3054E2E}"
EndProject
Global
	GlobalSection(SolutionConfigurationPlatforms) = preSolution
		Debug|x64 = Debug|x64
		Release|x64 = Release|x64
	EndGlobalSection
	GlobalSection(ProjectConfigurationPlatforms) = postSolution
		{1B896C4E-9737-4F2E-B054-7F3BA3054E2E}.Debug|x64.ActiveCfg = Debug|x64
		{1B896C4E-9737-4F2E-B054-7F3BA3054E2E}.Debug|x64.Build.0 = Debug|x64
		{1B896C4E-9737-4F2E-B054-7F3BA3054E2E}.Release|x64.ActiveCfg = Release|x64
		{1B896C4E-9737-4F2E-B054-7F3BA3054E2E}.Release|x64.Build.0 = Release|x64
	EndGlobalSection
	GlobalSection(SolutionProperties) = preSolution
		HideSolutionNode = FALSE
	EndGlobalSection
	GlobalSection(ExtensibilityGlobals) = postSolution
		SolutionGuid = {436E1566-F41D-441F-957A-FA2956ACC08F}
	EndGlobalSection
EndGlobal
